
Microsoft Visual Studio Solution File, Format Version 12.00
# Visual Studio Version 16
VisualStudioVersion = 16.0.28922.388
MinimumVisualStudioVersion = 10.0.40219.1
Project("{FAE04EC0-301F-11D3-BF4B-00C04F79EFBC}") = "DAL", "DAL\DAL.csproj", "{A5A7B525-9184-4531-A930-810F17B422F5}"
EndProject
Project("{FAE04EC0-301F-11D3-BF4B-00C04F79EFBC}") = "VO", "VO\VO.csproj", "{04B53865-C872-440A-A230-35ECBA75C8D6}"
EndProject
Project("{FAE04EC0-301F-11D3-BF4B-00C04F79EFBC}") = "Business", "Bussiness\Business.csproj", "{42AE94C9-FB68-4C26-B118-C10720265483}"
EndProject
Global
	GlobalSection(SolutionConfigurationPlatforms) = preSolution
		Debug|Any CPU = Debug|Any CPU
		Release|Any CPU = Release|Any CPU
	EndGlobalSection
	GlobalSection(ProjectConfigurationPlatforms) = postSolution
		{A5A7B525-9184-4531-A930-810F17B422F5}.Debug|Any CPU.ActiveCfg = Debug|Any CPU
		{A5A7B525-9184-4531-A930-810F17B422F5}.Debug|Any CPU.Build.0 = Debug|Any CPU
		{A5A7B525-9184-4531-A930-810F17B422F5}.Release|Any CPU.ActiveCfg = Release|Any CPU
		{A5A7B525-9184-4531-A930-810F17B422F5}.Release|Any CPU.Build.0 = Release|Any CPU
		{04B53865-C872-440A-A230-35ECBA75C8D6}.Debug|Any CPU.ActiveCfg = Debug|Any CPU
		{04B53865-C872-440A-A230-35ECBA75C8D6}.Debug|Any CPU.Build.0 = Debug|Any CPU
		{04B53865-C872-440A-A230-35ECBA75C8D6}.Release|Any CPU.ActiveCfg = Release|Any CPU
		{04B53865-C872-440A-A230-35ECBA75C8D6}.Release|Any CPU.Build.0 = Release|Any CPU
		{42AE94C9-FB68-4C26-B118-C10720265483}.Debug|Any CPU.ActiveCfg = Debug|Any CPU
		{42AE94C9-FB68-4C26-B118-C10720265483}.Debug|Any CPU.Build.0 = Debug|Any CPU
		{42AE94C9-FB68-4C26-B118-C10720265483}.Release|Any CPU.ActiveCfg = Release|Any CPU
		{42AE94C9-FB68-4C26-B118-C10720265483}.Release|Any CPU.Build.0 = Release|Any CPU
	EndGlobalSection
	GlobalSection(SolutionProperties) = preSolution
		HideSolutionNode = FALSE
	EndGlobalSection
	GlobalSection(ExtensibilityGlobals) = postSolution
		SolutionGuid = {D9F3DEBD-25BD-46A3-A6FF-E91624A812A4}
	EndGlobalSection
EndGlobal
